
Microsoft Visual Studio Solution File, Format Version 12.00
# Visual Studio 15
VisualStudioVersion = 15.0.28307.421
MinimumVisualStudioVersion = 10.0.40219.1
Project("{9A19103F-16F7-4668-BE54-9A1E7A4F7556}") = "SyncApp", "SyncApp\SyncApp.csproj", "{D380A484-4848-43B2-B741-8462AFDD722B}"
EndProject
Project("{FAE04EC0-301F-11D3-BF4B-00C04F79EFBC}") = "Log4NetLibrary", "Log4Net\Log4NetLibrary.csproj", "{06DA1033-0908-4975-A5C5-B8FB63EFF16A}"
EndProject
Global
	GlobalSection(SolutionConfigurationPlatforms) = preSolution
		Debug|Any CPU = Debug|Any CPU
		Release|Any CPU = Release|Any CPU
	EndGlobalSection
	GlobalSection(ProjectConfigurationPlatforms) = postSolution
		{D380A484-4848-43B2-B741-8462AFDD722B}.Debug|Any CPU.ActiveCfg = Debug|Any CPU
		{D380A484-4848-43B2-B741-8462AFDD722B}.Debug|Any CPU.Build.0 = Debug|Any CPU
		{D380A484-4848-43B2-B741-8462AFDD722B}.Release|Any CPU.ActiveCfg = Release|Any CPU
		{D380A484-4848-43B2-B741-8462AFDD722B}.Release|Any CPU.Build.0 = Release|Any CPU
		{06DA1033-0908-4975-A5C5-B8FB63EFF16A}.Debug|Any CPU.ActiveCfg = Debug|Any CPU
		{06DA1033-0908-4975-A5C5-B8FB63EFF16A}.Debug|Any CPU.Build.0 = Debug|Any CPU
		{06DA1033-0908-4975-A5C5-B8FB63EFF16A}.Release|Any CPU.ActiveCfg = Release|Any CPU
		{06DA1033-0908-4975-A5C5-B8FB63EFF16A}.Release|Any CPU.Build.0 = Release|Any CPU
	EndGlobalSection
	GlobalSection(SolutionProperties) = preSolution
		HideSolutionNode = FALSE
	EndGlobalSection
	GlobalSection(ExtensibilityGlobals) = postSolution
		SolutionGuid = {37F56C52-A538-49FC-B6A8-6D5B0730B61D}
	EndGlobalSection
EndGlobal
