
Microsoft Visual Studio Solution File, Format Version 12.00
# Visual Studio Version 16
VisualStudioVersion = 16.0.29318.209
MinimumVisualStudioVersion = 10.0.40219.1
Project("{9A19103F-16F7-4668-BE54-9A1E7A4F7556}") = "SyncApp", "SyncApp\SyncApp.csproj", "{D380A484-4848-43B2-B741-8462AFDD722B}"
EndProject
Project("{9A19103F-16F7-4668-BE54-9A1E7A4F7556}") = "Log4NetLibrary", "Log4Net\Log4NetLibrary.csproj", "{06DA1033-0908-4975-A5C5-B8FB63EFF16A}"
EndProject
Project("{9A19103F-16F7-4668-BE54-9A1E7A4F7556}") = "ShopifySharp", "ShopifySharp\ShopifySharp\ShopifySharp.csproj", "{7BE0ACE0-EFC4-4325-99C6-199013CD01C3}"
EndProject
Project("{9A19103F-16F7-4668-BE54-9A1E7A4F7556}") = "SyncAppJob", "ShopifyJob\SyncAppJob.csproj", "{84D18573-2606-460B-A2A5-AD86E956BB8D}"
EndProject
Project("{9A19103F-16F7-4668-BE54-9A1E7A4F7556}") = "SyncAppCommon", "SyncAppCommon\SyncAppCommon.csproj", "{A6765801-CA58-4FD0-9A8F-39D39E8F9F85}"
EndProject
Project("{9A19103F-16F7-4668-BE54-9A1E7A4F7556}") = "SyncAppEntities", "SyncAppEntities\SyncAppEntities.csproj", "{A82DEEB2-608A-4F88-90E2-9718E5CA79D5}"
EndProject
Global
	GlobalSection(SolutionConfigurationPlatforms) = preSolution
		Debug|Any CPU = Debug|Any CPU
		Release|Any CPU = Release|Any CPU
	EndGlobalSection
	GlobalSection(ProjectConfigurationPlatforms) = postSolution
		{D380A484-4848-43B2-B741-8462AFDD722B}.Debug|Any CPU.ActiveCfg = Debug|Any CPU
		{D380A484-4848-43B2-B741-8462AFDD722B}.Debug|Any CPU.Build.0 = Debug|Any CPU
		{D380A484-4848-43B2-B741-8462AFDD722B}.Release|Any CPU.ActiveCfg = Release|Any CPU
		{D380A484-4848-43B2-B741-8462AFDD722B}.Release|Any CPU.Build.0 = Release|Any CPU
		{06DA1033-0908-4975-A5C5-B8FB63EFF16A}.Debug|Any CPU.ActiveCfg = Debug|Any CPU
		{06DA1033-0908-4975-A5C5-B8FB63EFF16A}.Debug|Any CPU.Build.0 = Debug|Any CPU
		{06DA1033-0908-4975-A5C5-B8FB63EFF16A}.Release|Any CPU.ActiveCfg = Release|Any CPU
		{06DA1033-0908-4975-A5C5-B8FB63EFF16A}.Release|Any CPU.Build.0 = Release|Any CPU
		{7BE0ACE0-EFC4-4325-99C6-199013CD01C3}.Debug|Any CPU.ActiveCfg = Debug|Any CPU
		{7BE0ACE0-EFC4-4325-99C6-199013CD01C3}.Debug|Any CPU.Build.0 = Debug|Any CPU
		{7BE0ACE0-EFC4-4325-99C6-199013CD01C3}.Release|Any CPU.ActiveCfg = Release|Any CPU
		{7BE0ACE0-EFC4-4325-99C6-199013CD01C3}.Release|Any CPU.Build.0 = Release|Any CPU
		{84D18573-2606-460B-A2A5-AD86E956BB8D}.Debug|Any CPU.ActiveCfg = Debug|Any CPU
		{84D18573-2606-460B-A2A5-AD86E956BB8D}.Debug|Any CPU.Build.0 = Debug|Any CPU
		{84D18573-2606-460B-A2A5-AD86E956BB8D}.Release|Any CPU.ActiveCfg = Release|Any CPU
		{84D18573-2606-460B-A2A5-AD86E956BB8D}.Release|Any CPU.Build.0 = Release|Any CPU
		{A6765801-CA58-4FD0-9A8F-39D39E8F9F85}.Debug|Any CPU.ActiveCfg = Debug|Any CPU
		{A6765801-CA58-4FD0-9A8F-39D39E8F9F85}.Debug|Any CPU.Build.0 = Debug|Any CPU
		{A6765801-CA58-4FD0-9A8F-39D39E8F9F85}.Release|Any CPU.ActiveCfg = Release|Any CPU
		{A6765801-CA58-4FD0-9A8F-39D39E8F9F85}.Release|Any CPU.Build.0 = Release|Any CPU
		{A82DEEB2-608A-4F88-90E2-9718E5CA79D5}.Debug|Any CPU.ActiveCfg = Debug|Any CPU
		{A82DEEB2-608A-4F88-90E2-9718E5CA79D5}.Debug|Any CPU.Build.0 = Debug|Any CPU
		{A82DEEB2-608A-4F88-90E2-9718E5CA79D5}.Release|Any CPU.ActiveCfg = Release|Any CPU
		{A82DEEB2-608A-4F88-90E2-9718E5CA79D5}.Release|Any CPU.Build.0 = Release|Any CPU
	EndGlobalSection
	GlobalSection(SolutionProperties) = preSolution
		HideSolutionNode = FALSE
	EndGlobalSection
	GlobalSection(ExtensibilityGlobals) = postSolution
		SolutionGuid = {37F56C52-A538-49FC-B6A8-6D5B0730B61D}
	EndGlobalSection
EndGlobal
